
Microsoft Visual Studio Solution File, Format Version 12.00
# Visual Studio Version 17
VisualStudioVersion = 17.9.34607.119
MinimumVisualStudioVersion = 10.0.40219.1
Project("{9A19103F-16F7-4668-BE54-9A1E7A4F7556}") = "Polyclinic", "Polyclinic\Polyclinic.csproj", "{77459025-22E8-44D0-B5D1-B52B184E71D0}"
EndProject
Project("{9A19103F-16F7-4668-BE54-9A1E7A4F7556}") = "Polyclinic.Core", "Polyclinic.Core\Polyclinic.Core.csproj", "{9FC382F4-A005-42D0-84CA-B00D5B46BE5C}"
EndProject
Project("{9A19103F-16F7-4668-BE54-9A1E7A4F7556}") = "Polyclinic.DataAccess", "Polyclinic.DataAccess\Polyclinic.DataAccess.csproj", "{61EE3057-E4F0-438E-A6F6-E30E61957A20}"
EndProject
Project("{E53339B2-1760-4266-BCC7-CA923CBCF16C}") = "docker-compose", "docker-compose.dcproj", "{406DF4AA-70E1-43E6-8985-CC2A55B44E31}"
EndProject
Project("{9A19103F-16F7-4668-BE54-9A1E7A4F7556}") = "Polyclinic.Application", "..\Polyclinic.Application\Polyclinic.Application.csproj", "{AB0F2469-DC34-4173-862E-D1E2BD03622E}"
EndProject
Global
	GlobalSection(SolutionConfigurationPlatforms) = preSolution
		Debug|Any CPU = Debug|Any CPU
		Release|Any CPU = Release|Any CPU
	EndGlobalSection
	GlobalSection(ProjectConfigurationPlatforms) = postSolution
		{77459025-22E8-44D0-B5D1-B52B184E71D0}.Debug|Any CPU.ActiveCfg = Debug|Any CPU
		{77459025-22E8-44D0-B5D1-B52B184E71D0}.Debug|Any CPU.Build.0 = Debug|Any CPU
		{77459025-22E8-44D0-B5D1-B52B184E71D0}.Release|Any CPU.ActiveCfg = Release|Any CPU
		{77459025-22E8-44D0-B5D1-B52B184E71D0}.Release|Any CPU.Build.0 = Release|Any CPU
		{9FC382F4-A005-42D0-84CA-B00D5B46BE5C}.Debug|Any CPU.ActiveCfg = Debug|Any CPU
		{9FC382F4-A005-42D0-84CA-B00D5B46BE5C}.Debug|Any CPU.Build.0 = Debug|Any CPU
		{9FC382F4-A005-42D0-84CA-B00D5B46BE5C}.Release|Any CPU.ActiveCfg = Release|Any CPU
		{9FC382F4-A005-42D0-84CA-B00D5B46BE5C}.Release|Any CPU.Build.0 = Release|Any CPU
		{61EE3057-E4F0-438E-A6F6-E30E61957A20}.Debug|Any CPU.ActiveCfg = Debug|Any CPU
		{61EE3057-E4F0-438E-A6F6-E30E61957A20}.Debug|Any CPU.Build.0 = Debug|Any CPU
		{61EE3057-E4F0-438E-A6F6-E30E61957A20}.Release|Any CPU.ActiveCfg = Release|Any CPU
		{61EE3057-E4F0-438E-A6F6-E30E61957A20}.Release|Any CPU.Build.0 = Release|Any CPU
		{406DF4AA-70E1-43E6-8985-CC2A55B44E31}.Debug|Any CPU.ActiveCfg = Debug|Any CPU
		{406DF4AA-70E1-43E6-8985-CC2A55B44E31}.Debug|Any CPU.Build.0 = Debug|Any CPU
		{406DF4AA-70E1-43E6-8985-CC2A55B44E31}.Release|Any CPU.ActiveCfg = Release|Any CPU
		{406DF4AA-70E1-43E6-8985-CC2A55B44E31}.Release|Any CPU.Build.0 = Release|Any CPU
		{AB0F2469-DC34-4173-862E-D1E2BD03622E}.Debug|Any CPU.ActiveCfg = Debug|Any CPU
		{AB0F2469-DC34-4173-862E-D1E2BD03622E}.Debug|Any CPU.Build.0 = Debug|Any CPU
		{AB0F2469-DC34-4173-862E-D1E2BD03622E}.Release|Any CPU.ActiveCfg = Release|Any CPU
		{AB0F2469-DC34-4173-862E-D1E2BD03622E}.Release|Any CPU.Build.0 = Release|Any CPU
	EndGlobalSection
	GlobalSection(SolutionProperties) = preSolution
		HideSolutionNode = FALSE
	EndGlobalSection
	GlobalSection(ExtensibilityGlobals) = postSolution
		SolutionGuid = {1681C72D-6F4D-4347-8E65-88303A211BAB}
	EndGlobalSection
EndGlobal
